
Microsoft Visual Studio Solution File, Format Version 12.00
# Visual Studio Version 17
VisualStudioVersion = 17.8.34330.188
MinimumVisualStudioVersion = 10.0.40219.1
Project("{FAE04EC0-301F-11D3-BF4B-00C04F79EFBC}") = "test-deploy.Server", "test-deploy\Server\test-deploy.Server.csproj", "{F1D8A88C-A6D4-4840-BBDF-46836D0B900D}"
EndProject
Project("{FAE04EC0-301F-11D3-BF4B-00C04F79EFBC}") = "test-deploy.Client", "test-deploy\Client\test-deploy.Client.csproj", "{0D66E623-C2DA-4407-9955-1057D974974A}"
EndProject
Project("{FAE04EC0-301F-11D3-BF4B-00C04F79EFBC}") = "test-deploy.Shared", "test-deploy\Shared\test-deploy.Shared.csproj", "{B255A51E-2E52-46FB-BEE0-EEE4A66E8CFA}"
EndProject
Global
	GlobalSection(SolutionConfigurationPlatforms) = preSolution
		Debug|Any CPU = Debug|Any CPU
		Release|Any CPU = Release|Any CPU
	EndGlobalSection
	GlobalSection(ProjectConfigurationPlatforms) = postSolution
		{F1D8A88C-A6D4-4840-BBDF-46836D0B900D}.Debug|Any CPU.ActiveCfg = Debug|Any CPU
		{F1D8A88C-A6D4-4840-BBDF-46836D0B900D}.Debug|Any CPU.Build.0 = Debug|Any CPU
		{F1D8A88C-A6D4-4840-BBDF-46836D0B900D}.Release|Any CPU.ActiveCfg = Release|Any CPU
		{F1D8A88C-A6D4-4840-BBDF-46836D0B900D}.Release|Any CPU.Build.0 = Release|Any CPU
		{0D66E623-C2DA-4407-9955-1057D974974A}.Debug|Any CPU.ActiveCfg = Debug|Any CPU
		{0D66E623-C2DA-4407-9955-1057D974974A}.Debug|Any CPU.Build.0 = Debug|Any CPU
		{0D66E623-C2DA-4407-9955-1057D974974A}.Release|Any CPU.ActiveCfg = Release|Any CPU
		{0D66E623-C2DA-4407-9955-1057D974974A}.Release|Any CPU.Build.0 = Release|Any CPU
		{B255A51E-2E52-46FB-BEE0-EEE4A66E8CFA}.Debug|Any CPU.ActiveCfg = Debug|Any CPU
		{B255A51E-2E52-46FB-BEE0-EEE4A66E8CFA}.Debug|Any CPU.Build.0 = Debug|Any CPU
		{B255A51E-2E52-46FB-BEE0-EEE4A66E8CFA}.Release|Any CPU.ActiveCfg = Release|Any CPU
		{B255A51E-2E52-46FB-BEE0-EEE4A66E8CFA}.Release|Any CPU.Build.0 = Release|Any CPU
	EndGlobalSection
	GlobalSection(SolutionProperties) = preSolution
		HideSolutionNode = FALSE
	EndGlobalSection
	GlobalSection(ExtensibilityGlobals) = postSolution
		SolutionGuid = {C470659D-FDA6-4D47-B359-B5813BDC4ED9}
	EndGlobalSection
EndGlobal
